// !$*UTF8*$!
{
	archiveVersion = 1;
	classes = {
	};
	objectVersion = 46;
	objects = {

/* Begin PBXBuildFile section */
		A24911BD1AA0171700E03140 /* AppDelegate.swift in Sources */ = {isa = PBXBuildFile; fileRef = A24911BC1AA0171700E03140 /* AppDelegate.swift */; };
		A24911BF1AA0171700E03140 /* ViewController.swift in Sources */ = {isa = PBXBuildFile; fileRef = A24911BE1AA0171700E03140 /* ViewController.swift */; };
		A24911C21AA0171700E03140 /* Main.storyboard in Resources */ = {isa = PBXBuildFile; fileRef = A24911C01AA0171700E03140 /* Main.storyboard */; };
		A24911C41AA0171700E03140 /* Images.xcassets in Resources */ = {isa = PBXBuildFile; fileRef = A24911C31AA0171700E03140 /* Images.xcassets */; };
		A24911C71AA0171700E03140 /* LaunchScreen.xib in Resources */ = {isa = PBXBuildFile; fileRef = A24911C51AA0171700E03140 /* LaunchScreen.xib */; };
		A24911D31AA0171700E03140 /* PersonListTests.swift in Sources */ = {isa = PBXBuildFile; fileRef = A24911D21AA0171700E03140 /* PersonListTests.swift */; };
		A24911DD1AA0192500E03140 /* Person.swift in Sources */ = {isa = PBXBuildFile; fileRef = A24911DC1AA0192500E03140 /* Person.swift */; };
		A24911E31AA02F3A00E03140 /* PersonDetailViewController.swift in Sources */ = {isa = PBXBuildFile; fileRef = A24911E21AA02F3A00E03140 /* PersonDetailViewController.swift */; };
/* End PBXBuildFile section */

/* Begin PBXContainerItemProxy section */
		A24911CD1AA0171700E03140 /* PBXContainerItemProxy */ = {
			isa = PBXContainerItemProxy;
			containerPortal = A24911AF1AA0171700E03140 /* Project object */;
			proxyType = 1;
			remoteGlobalIDString = A24911B61AA0171700E03140;
			remoteInfo = PersonList;
		};
/* End PBXContainerItemProxy section */

/* Begin PBXFileReference section */
		A24911B71AA0171700E03140 /* PersonList.app */ = {isa = PBXFileReference; explicitFileType = wrapper.application; includeInIndex = 0; path = PersonList.app; sourceTree = BUILT_PRODUCTS_DIR; };
		A24911BB1AA0171700E03140 /* Info.plist */ = {isa = PBXFileReference; lastKnownFileType = text.plist.xml; path = Info.plist; sourceTree = "<group>"; };
		A24911BC1AA0171700E03140 /* AppDelegate.swift */ = {isa = PBXFileReference; lastKnownFileType = sourcecode.swift; path = AppDelegate.swift; sourceTree = "<group>"; };
		A24911BE1AA0171700E03140 /* ViewController.swift */ = {isa = PBXFileReference; lastKnownFileType = sourcecode.swift; path = ViewController.swift; sourceTree = "<group>"; };
		A24911C11AA0171700E03140 /* Base */ = {isa = PBXFileReference; lastKnownFileType = file.storyboard; name = Base; path = Base.lproj/Main.storyboard; sourceTree = "<group>"; };
		A24911C31AA0171700E03140 /* Images.xcassets */ = {isa = PBXFileReference; lastKnownFileType = folder.assetcatalog; path = Images.xcassets; sourceTree = "<group>"; };
		A24911C61AA0171700E03140 /* Base */ = {isa = PBXFileReference; lastKnownFileType = file.xib; name = Base; path = Base.lproj/LaunchScreen.xib; sourceTree = "<group>"; };
		A24911CC1AA0171700E03140 /* PersonListTests.xctest */ = {isa = PBXFileReference; explicitFileType = wrapper.cfbundle; includeInIndex = 0; path = PersonListTests.xctest; sourceTree = BUILT_PRODUCTS_DIR; };
		A24911D11AA0171700E03140 /* Info.plist */ = {isa = PBXFileReference; lastKnownFileType = text.plist.xml; path = Info.plist; sourceTree = "<group>"; };
		A24911D21AA0171700E03140 /* PersonListTests.swift */ = {isa = PBXFileReference; lastKnownFileType = sourcecode.swift; path = PersonListTests.swift; sourceTree = "<group>"; };
		A24911DC1AA0192500E03140 /* Person.swift */ = {isa = PBXFileReference; fileEncoding = 4; lastKnownFileType = sourcecode.swift; path = Person.swift; sourceTree = "<group>"; };
		A24911E21AA02F3A00E03140 /* PersonDetailViewController.swift */ = {isa = PBXFileReference; fileEncoding = 4; lastKnownFileType = sourcecode.swift; name = PersonDetailViewController.swift; path = ../PersonDetailViewController.swift; sourceTree = "<group>"; };
/* End PBXFileReference section */

/* Begin PBXFrameworksBuildPhase section */
		A24911B41AA0171700E03140 /* Frameworks */ = {
			isa = PBXFrameworksBuildPhase;
			buildActionMask = 2147483647;
			files = (
			);
			runOnlyForDeploymentPostprocessing = 0;
		};
		A24911C91AA0171700E03140 /* Frameworks */ = {
			isa = PBXFrameworksBuildPhase;
			buildActionMask = 2147483647;
			files = (
			);
			runOnlyForDeploymentPostprocessing = 0;
		};
/* End PBXFrameworksBuildPhase section */

/* Begin PBXGroup section */
		A24911AE1AA0171700E03140 = {
			isa = PBXGroup;
			children = (
				A24911B91AA0171700E03140 /* PersonList */,
				A24911CF1AA0171700E03140 /* PersonListTests */,
				A24911B81AA0171700E03140 /* Products */,
			);
			sourceTree = "<group>";
		};
		A24911B81AA0171700E03140 /* Products */ = {
			isa = PBXGroup;
			children = (
				A24911B71AA0171700E03140 /* PersonList.app */,
				A24911CC1AA0171700E03140 /* PersonListTests.xctest */,
			);
			name = Products;
			sourceTree = "<group>";
		};
		A24911B91AA0171700E03140 /* PersonList */ = {
			isa = PBXGroup;
			children = (
				A24911BC1AA0171700E03140 /* AppDelegate.swift */,
				A24911E11AA0194900E03140 /* Controllers */,
				A24911DE1AA0193000E03140 /* Views */,
				A24911DF1AA0193600E03140 /* Models */,
				A24911C31AA0171700E03140 /* Images.xcassets */,
				A24911C51AA0171700E03140 /* LaunchScreen.xib */,
				A24911BA1AA0171700E03140 /* Supporting Files */,
			);
			path = PersonList;
			sourceTree = "<group>";
		};
		A24911BA1AA0171700E03140 /* Supporting Files */ = {
			isa = PBXGroup;
			children = (
				A24911BB1AA0171700E03140 /* Info.plist */,
			);
			name = "Supporting Files";
			sourceTree = "<group>";
		};
		A24911CF1AA0171700E03140 /* PersonListTests */ = {
			isa = PBXGroup;
			children = (
				A24911D21AA0171700E03140 /* PersonListTests.swift */,
				A24911D01AA0171700E03140 /* Supporting Files */,
			);
			path = PersonListTests;
			sourceTree = "<group>";
		};
		A24911D01AA0171700E03140 /* Supporting Files */ = {
			isa = PBXGroup;
			children = (
				A24911D11AA0171700E03140 /* Info.plist */,
			);
			name = "Supporting Files";
			sourceTree = "<group>";
		};
		A24911DE1AA0193000E03140 /* Views */ = {
			isa = PBXGroup;
			children = (
				A24911C01AA0171700E03140 /* Main.storyboard */,
			);
			name = Views;
			sourceTree = "<group>";
		};
		A24911DF1AA0193600E03140 /* Models */ = {
			isa = PBXGroup;
			children = (
				A24911DC1AA0192500E03140 /* Person.swift */,
			);
			name = Models;
			sourceTree = "<group>";
		};
		A24911E11AA0194900E03140 /* Controllers */ = {
			isa = PBXGroup;
			children = (
				A24911E21AA02F3A00E03140 /* PersonDetailViewController.swift */,
				A24911BE1AA0171700E03140 /* ViewController.swift */,
			);
			name = Controllers;
			sourceTree = "<group>";
		};
/* End PBXGroup section */

/* Begin PBXNativeTarget section */
		A24911B61AA0171700E03140 /* PersonList */ = {
			isa = PBXNativeTarget;
			buildConfigurationList = A24911D61AA0171700E03140 /* Build configuration list for PBXNativeTarget "PersonList" */;
			buildPhases = (
				A24911B31AA0171700E03140 /* Sources */,
				A24911B41AA0171700E03140 /* Frameworks */,
				A24911B51AA0171700E03140 /* Resources */,
			);
			buildRules = (
			);
			dependencies = (
			);
			name = PersonList;
			productName = PersonList;
			productReference = A24911B71AA0171700E03140 /* PersonList.app */;
			productType = "com.apple.product-type.application";
		};
		A24911CB1AA0171700E03140 /* PersonListTests */ = {
			isa = PBXNativeTarget;
			buildConfigurationList = A24911D91AA0171700E03140 /* Build configuration list for PBXNativeTarget "PersonListTests" */;
			buildPhases = (
				A24911C81AA0171700E03140 /* Sources */,
				A24911C91AA0171700E03140 /* Frameworks */,
				A24911CA1AA0171700E03140 /* Resources */,
			);
			buildRules = (
			);
			dependencies = (
				A24911CE1AA0171700E03140 /* PBXTargetDependency */,
			);
			name = PersonListTests;
			productName = PersonListTests;
			productReference = A24911CC1AA0171700E03140 /* PersonListTests.xctest */;
			productType = "com.apple.product-type.bundle.unit-test";
		};
/* End PBXNativeTarget section */

/* Begin PBXProject section */
		A24911AF1AA0171700E03140 /* Project object */ = {
			isa = PBXProject;
			attributes = {
				LastUpgradeCheck = 0610;
				ORGANIZATIONNAME = BPJ;
				TargetAttributes = {
					A24911B61AA0171700E03140 = {
						CreatedOnToolsVersion = 6.1.1;
					};
					A24911CB1AA0171700E03140 = {
						CreatedOnToolsVersion = 6.1.1;
						TestTargetID = A24911B61AA0171700E03140;
					};
				};
			};
			buildConfigurationList = A24911B21AA0171700E03140 /* Build configuration list for PBXProject "PersonList" */;
			compatibilityVersion = "Xcode 3.2";
			developmentRegion = English;
			hasScannedForEncodings = 0;
			knownRegions = (
				en,
				Base,
			);
			mainGroup = A24911AE1AA0171700E03140;
			productRefGroup = A24911B81AA0171700E03140 /* Products */;
			projectDirPath = "";
			projectRoot = "";
			targets = (
				A24911B61AA0171700E03140 /* PersonList */,
				A24911CB1AA0171700E03140 /* PersonListTests */,
			);
		};
/* End PBXProject section */

/* Begin PBXResourcesBuildPhase section */
		A24911B51AA0171700E03140 /* Resources */ = {
			isa = PBXResourcesBuildPhase;
			buildActionMask = 2147483647;
			files = (
				A24911C21AA0171700E03140 /* Main.storyboard in Resources */,
				A24911C71AA0171700E03140 /* LaunchScreen.xib in Resources */,
				A24911C41AA0171700E03140 /* Images.xcassets in Resources */,
			);
			runOnlyForDeploymentPostprocessing = 0;
		};
		A24911CA1AA0171700E03140 /* Resources */ = {
			isa = PBXResourcesBuildPhase;
			buildActionMask = 2147483647;
			files = (
			);
			runOnlyForDeploymentPostprocessing = 0;
		};
/* End PBXResourcesBuildPhase section */

/* Begin PBXSourcesBuildPhase section */
		A24911B31AA0171700E03140 /* Sources */ = {
			isa = PBXSourcesBuildPhase;
			buildActionMask = 2147483647;
			files = (
				A24911E31AA02F3A00E03140 /* PersonDetailViewController.swift in Sources */,
				A24911DD1AA0192500E03140 /* Person.swift in Sources */,
				A24911BF1AA0171700E03140 /* ViewController.swift in Sources */,
				A24911BD1AA0171700E03140 /* AppDelegate.swift in Sources */,
			);
			runOnlyForDeploymentPostprocessing = 0;
		};
		A24911C81AA0171700E03140 /* Sources */ = {
			isa = PBXSourcesBuildPhase;
			buildActionMask = 2147483647;
			files = (
				A24911D31AA0171700E03140 /* PersonListTests.swift in Sources */,
			);
			runOnlyForDeploymentPostprocessing = 0;
		};
/* End PBXSourcesBuildPhase section */

/* Begin PBXTargetDependency section */
		A24911CE1AA0171700E03140 /* PBXTargetDependency */ = {
			isa = PBXTargetDependency;
			target = A24911B61AA0171700E03140 /* PersonList */;
			targetProxy = A24911CD1AA0171700E03140 /* PBXContainerItemProxy */;
		};
/* End PBXTargetDependency section */

/* Begin PBXVariantGroup section */
		A24911C01AA0171700E03140 /* Main.storyboard */ = {
			isa = PBXVariantGroup;
			children = (
				A24911C11AA0171700E03140 /* Base */,
			);
			name = Main.storyboard;
			sourceTree = "<group>";
		};
		A24911C51AA0171700E03140 /* LaunchScreen.xib */ = {
			isa = PBXVariantGroup;
			children = (
				A24911C61AA0171700E03140 /* Base */,
			);
			name = LaunchScreen.xib;
			sourceTree = "<group>";
		};
/* End PBXVariantGroup section */

/* Begin XCBuildConfiguration section */
		A24911D41AA0171700E03140 /* Debug */ = {
			isa = XCBuildConfiguration;
			buildSettings = {
				ALWAYS_SEARCH_USER_PATHS = NO;
				CLANG_CXX_LANGUAGE_STANDARD = "gnu++0x";
				CLANG_CXX_LIBRARY = "libc++";
				CLANG_ENABLE_MODULES = YES;
				CLANG_ENABLE_OBJC_ARC = YES;
				CLANG_WARN_BOOL_CONVERSION = YES;
				CLANG_WARN_CONSTANT_CONVERSION = YES;
				CLANG_WARN_DIRECT_OBJC_ISA_USAGE = YES_ERROR;
				CLANG_WARN_EMPTY_BODY = YES;
				CLANG_WARN_ENUM_CONVERSION = YES;
				CLANG_WARN_INT_CONVERSION = YES;
				CLANG_WARN_OBJC_ROOT_CLASS = YES_ERROR;
				CLANG_WARN_UNREACHABLE_CODE = YES;
				CLANG_WARN__DUPLICATE_METHOD_MATCH = YES;
				"CODE_SIGN_IDENTITY[sdk=iphoneos*]" = "iPhone Developer";
				COPY_PHASE_STRIP = NO;
				ENABLE_STRICT_OBJC_MSGSEND = YES;
				GCC_C_LANGUAGE_STANDARD = gnu99;
				GCC_DYNAMIC_NO_PIC = NO;
				GCC_OPTIMIZATION_LEVEL = 0;
				GCC_PREPROCESSOR_DEFINITIONS = (
					"DEBUG=1",
					"$(inherited)",
				);
				GCC_SYMBOLS_PRIVATE_EXTERN = NO;
				GCC_WARN_64_TO_32_BIT_CONVERSION = YES;
				GCC_WARN_ABOUT_RETURN_TYPE = YES_ERROR;
				GCC_WARN_UNDECLARED_SELECTOR = YES;
				GCC_WARN_UNINITIALIZED_AUTOS = YES_AGGRESSIVE;
				GCC_WARN_UNUSED_FUNCTION = YES;
				GCC_WARN_UNUSED_VARIABLE = YES;
				IPHONEOS_DEPLOYMENT_TARGET = 8.1;
				MTL_ENABLE_DEBUG_INFO = YES;
				ONLY_ACTIVE_ARCH = YES;
				SDKROOT = iphoneos;
				SWIFT_OPTIMIZATION_LEVEL = "-Onone";
			};
			name = Debug;
		};
		A24911D51AA0171700E03140 /* Release */ = {
			isa = XCBuildConfiguration;
			buildSettings = {
				ALWAYS_SEARCH_USER_PATHS = NO;
				CLANG_CXX_LANGUAGE_STANDARD = "gnu++0x";
				CLANG_CXX_LIBRARY = "libc++";
				CLANG_ENABLE_MODULES = YES;
				CLANG_ENABLE_OBJC_ARC = YES;
				CLANG_WARN_BOOL_CONVERSION = YES;
				CLANG_WARN_CONSTANT_CONVERSION = YES;
				CLANG_WARN_DIRECT_OBJC_ISA_USAGE = YES_ERROR;
				CLANG_WARN_EMPTY_BODY = YES;
				CLANG_WARN_ENUM_CONVERSION = YES;
				CLANG_WARN_INT_CONVERSION = YES;
				CLANG_WARN_OBJC_ROOT_CLASS = YES_ERROR;
				CLANG_WARN_UNREACHABLE_CODE = YES;
				CLANG_WARN__DUPLICATE_METHOD_MATCH = YES;
				"CODE_SIGN_IDENTITY[sdk=iphoneos*]" = "iPhone Developer";
				COPY_PHASE_STRIP = YES;
				ENABLE_NS_ASSERTIONS = NO;
				ENABLE_STRICT_OBJC_MSGSEND = YES;
				GCC_C_LANGUAGE_STANDARD = gnu99;
				GCC_WARN_64_TO_32_BIT_CONVERSION = YES;
				GCC_WARN_ABOUT_RETURN_TYPE = YES_ERROR;
				GCC_WARN_UNDECLARED_SELECTOR = YES;
				GCC_WARN_UNINITIALIZED_AUTOS = YES_AGGRESSIVE;
				GCC_WARN_UNUSED_FUNCTION = YES;
				GCC_WARN_UNUSED_VARIABLE = YES;
				IPHONEOS_DEPLOYMENT_TARGET = 8.1;
				MTL_ENABLE_DEBUG_INFO = NO;
				SDKROOT = iphoneos;
				VALIDATE_PRODUCT = YES;
			};
			name = Release;
		};
		A24911D71AA0171700E03140 /* Debug */ = {
			isa = XCBuildConfiguration;
			buildSettings = {
				ASSETCATALOG_COMPILER_APPICON_NAME = AppIcon;
				INFOPLIST_FILE = PersonList/Info.plist;
				LD_RUNPATH_SEARCH_PATHS = "$(inherited) @executable_path/Frameworks";
				PRODUCT_NAME = "$(TARGET_NAME)";
			};
			name = Debug;
		};
		A24911D81AA0171700E03140 /* Release */ = {
			isa = XCBuildConfiguration;
			buildSettings = {
				ASSETCATALOG_COMPILER_APPICON_NAME = AppIcon;
				INFOPLIST_FILE = PersonList/Info.plist;
				LD_RUNPATH_SEARCH_PATHS = "$(inherited) @executable_path/Frameworks";
				PRODUCT_NAME = "$(TARGET_NAME)";
			};
			name = Release;
		};
		A24911DA1AA0171700E03140 /* Debug */ = {
			isa = XCBuildConfiguration;
			buildSettings = {
				BUNDLE_LOADER = "$(TEST_HOST)";
				FRAMEWORK_SEARCH_PATHS = (
					"$(SDKROOT)/Developer/Library/Frameworks",
					"$(inherited)",
				);
				GCC_PREPROCESSOR_DEFINITIONS = (
					"DEBUG=1",
					"$(inherited)",
				);
				INFOPLIST_FILE = PersonListTests/Info.plist;
				LD_RUNPATH_SEARCH_PATHS = "$(inherited) @executable_path/Frameworks @loader_path/Frameworks";
				PRODUCT_NAME = "$(TARGET_NAME)";
				TEST_HOST = "$(BUILT_PRODUCTS_DIR)/PersonList.app/PersonList";
			};
			name = Debug;
		};
		A24911DB1AA0171700E03140 /* Release */ = {
			isa = XCBuildConfiguration;
			buildSettings = {
				BUNDLE_LOADER = "$(TEST_HOST)";
				FRAMEWORK_SEARCH_PATHS = (
					"$(SDKROOT)/Developer/Library/Frameworks",
					"$(inherited)",
				);
				INFOPLIST_FILE = PersonListTests/Info.plist;
				LD_RUNPATH_SEARCH_PATHS = "$(inherited) @executable_path/Frameworks @loader_path/Frameworks";
				PRODUCT_NAME = "$(TARGET_NAME)";
				TEST_HOST = "$(BUILT_PRODUCTS_DIR)/PersonList.app/PersonList";
			};
			name = Release;
		};
/* End XCBuildConfiguration section */

/* Begin XCConfigurationList section */
		A24911B21AA0171700E03140 /* Build configuration list for PBXProject "PersonList" */ = {
			isa = XCConfigurationList;
			buildConfigurations = (
				A24911D41AA0171700E03140 /* Debug */,
				A24911D51AA0171700E03140 /* Release */,
			);
			defaultConfigurationIsVisible = 0;
			defaultConfigurationName = Release;
		};
		A24911D61AA0171700E03140 /* Build configuration list for PBXNativeTarget "PersonList" */ = {
			isa = XCConfigurationList;
			buildConfigurations = (
				A24911D71AA0171700E03140 /* Debug */,
				A24911D81AA0171700E03140 /* Release */,
			);
			defaultConfigurationIsVisible = 0;
		};
		A24911D91AA0171700E03140 /* Build configuration list for PBXNativeTarget "PersonListTests" */ = {
			isa = XCConfigurationList;
			buildConfigurations = (
				A24911DA1AA0171700E03140 /* Debug */,
				A24911DB1AA0171700E03140 /* Release */,
			);
			defaultConfigurationIsVisible = 0;
		};
/* End XCConfigurationList section */
	};
	rootObject = A24911AF1AA0171700E03140 /* Project object */;
}
