// !$*UTF8*$!
{
	archiveVersion = 1;
	classes = {
	};
	objectVersion = 46;
	objects = {

/* Begin PBXBuildFile section */
		A2783C8D1A9451910052E305 /* AppDelegate.swift in Sources */ = {isa = PBXBuildFile; fileRef = A2783C8C1A9451910052E305 /* AppDelegate.swift */; };
		A2783C8F1A9451910052E305 /* ViewController.swift in Sources */ = {isa = PBXBuildFile; fileRef = A2783C8E1A9451910052E305 /* ViewController.swift */; };
		A2783C921A9451910052E305 /* Main.storyboard in Resources */ = {isa = PBXBuildFile; fileRef = A2783C901A9451910052E305 /* Main.storyboard */; };
		A2783C941A9451910052E305 /* Images.xcassets in Resources */ = {isa = PBXBuildFile; fileRef = A2783C931A9451910052E305 /* Images.xcassets */; };
		A2783C971A9451910052E305 /* LaunchScreen.xib in Resources */ = {isa = PBXBuildFile; fileRef = A2783C951A9451910052E305 /* LaunchScreen.xib */; };
		A2783CA31A9451910052E305 /* ClassRosterTests.swift in Sources */ = {isa = PBXBuildFile; fileRef = A2783CA21A9451910052E305 /* ClassRosterTests.swift */; };
		A2D3C1F11A96DC96006B3707 /* Person.swift in Sources */ = {isa = PBXBuildFile; fileRef = A2D3C1F01A96DC96006B3707 /* Person.swift */; };
/* End PBXBuildFile section */

/* Begin PBXContainerItemProxy section */
		A2783C9D1A9451910052E305 /* PBXContainerItemProxy */ = {
			isa = PBXContainerItemProxy;
			containerPortal = A2783C7F1A9451910052E305 /* Project object */;
			proxyType = 1;
			remoteGlobalIDString = A2783C861A9451910052E305;
			remoteInfo = ClassRoster;
		};
/* End PBXContainerItemProxy section */

/* Begin PBXFileReference section */
		A2783C871A9451910052E305 /* ClassRoster.app */ = {isa = PBXFileReference; explicitFileType = wrapper.application; includeInIndex = 0; path = ClassRoster.app; sourceTree = BUILT_PRODUCTS_DIR; };
		A2783C8B1A9451910052E305 /* Info.plist */ = {isa = PBXFileReference; lastKnownFileType = text.plist.xml; path = Info.plist; sourceTree = "<group>"; };
		A2783C8C1A9451910052E305 /* AppDelegate.swift */ = {isa = PBXFileReference; lastKnownFileType = sourcecode.swift; path = AppDelegate.swift; sourceTree = "<group>"; };
		A2783C8E1A9451910052E305 /* ViewController.swift */ = {isa = PBXFileReference; lastKnownFileType = sourcecode.swift; path = ViewController.swift; sourceTree = "<group>"; };
		A2783C911A9451910052E305 /* Base */ = {isa = PBXFileReference; lastKnownFileType = file.storyboard; name = Base; path = Base.lproj/Main.storyboard; sourceTree = "<group>"; };
		A2783C931A9451910052E305 /* Images.xcassets */ = {isa = PBXFileReference; lastKnownFileType = folder.assetcatalog; path = Images.xcassets; sourceTree = "<group>"; };
		A2783C961A9451910052E305 /* Base */ = {isa = PBXFileReference; lastKnownFileType = file.xib; name = Base; path = Base.lproj/LaunchScreen.xib; sourceTree = "<group>"; };
		A2783C9C1A9451910052E305 /* ClassRosterTests.xctest */ = {isa = PBXFileReference; explicitFileType = wrapper.cfbundle; includeInIndex = 0; path = ClassRosterTests.xctest; sourceTree = BUILT_PRODUCTS_DIR; };
		A2783CA11A9451910052E305 /* Info.plist */ = {isa = PBXFileReference; lastKnownFileType = text.plist.xml; path = Info.plist; sourceTree = "<group>"; };
		A2783CA21A9451910052E305 /* ClassRosterTests.swift */ = {isa = PBXFileReference; lastKnownFileType = sourcecode.swift; path = ClassRosterTests.swift; sourceTree = "<group>"; };
		A2D3C1F01A96DC96006B3707 /* Person.swift */ = {isa = PBXFileReference; fileEncoding = 4; lastKnownFileType = sourcecode.swift; path = Person.swift; sourceTree = "<group>"; };
/* End PBXFileReference section */

/* Begin PBXFrameworksBuildPhase section */
		A2783C841A9451910052E305 /* Frameworks */ = {
			isa = PBXFrameworksBuildPhase;
			buildActionMask = 2147483647;
			files = (
			);
			runOnlyForDeploymentPostprocessing = 0;
		};
		A2783C991A9451910052E305 /* Frameworks */ = {
			isa = PBXFrameworksBuildPhase;
			buildActionMask = 2147483647;
			files = (
			);
			runOnlyForDeploymentPostprocessing = 0;
		};
/* End PBXFrameworksBuildPhase section */

/* Begin PBXGroup section */
		A2783C7E1A9451910052E305 = {
			isa = PBXGroup;
			children = (
				A2783C891A9451910052E305 /* ClassRoster */,
				A2783C9F1A9451910052E305 /* ClassRosterTests */,
				A2783C881A9451910052E305 /* Products */,
			);
			sourceTree = "<group>";
		};
		A2783C881A9451910052E305 /* Products */ = {
			isa = PBXGroup;
			children = (
				A2783C871A9451910052E305 /* ClassRoster.app */,
				A2783C9C1A9451910052E305 /* ClassRosterTests.xctest */,
			);
			name = Products;
			sourceTree = "<group>";
		};
		A2783C891A9451910052E305 /* ClassRoster */ = {
			isa = PBXGroup;
			children = (
				A2783C8C1A9451910052E305 /* AppDelegate.swift */,
				A2D3C1F41A96E67C006B3707 /* View */,
				A2D3C1F31A96E671006B3707 /* Controller */,
				A2D3C1F21A96E666006B3707 /* Model */,
				A2783C931A9451910052E305 /* Images.xcassets */,
				A2783C951A9451910052E305 /* LaunchScreen.xib */,
				A2783C8A1A9451910052E305 /* Supporting Files */,
			);
			path = ClassRoster;
			sourceTree = "<group>";
		};
		A2783C8A1A9451910052E305 /* Supporting Files */ = {
			isa = PBXGroup;
			children = (
				A2783C8B1A9451910052E305 /* Info.plist */,
			);
			name = "Supporting Files";
			sourceTree = "<group>";
		};
		A2783C9F1A9451910052E305 /* ClassRosterTests */ = {
			isa = PBXGroup;
			children = (
				A2783CA21A9451910052E305 /* ClassRosterTests.swift */,
				A2783CA01A9451910052E305 /* Supporting Files */,
			);
			path = ClassRosterTests;
			sourceTree = "<group>";
		};
		A2783CA01A9451910052E305 /* Supporting Files */ = {
			isa = PBXGroup;
			children = (
				A2783CA11A9451910052E305 /* Info.plist */,
			);
			name = "Supporting Files";
			sourceTree = "<group>";
		};
		A2D3C1F21A96E666006B3707 /* Model */ = {
			isa = PBXGroup;
			children = (
				A2D3C1F01A96DC96006B3707 /* Person.swift */,
			);
			name = Model;
			sourceTree = "<group>";
		};
		A2D3C1F31A96E671006B3707 /* Controller */ = {
			isa = PBXGroup;
			children = (
				A2783C8E1A9451910052E305 /* ViewController.swift */,
			);
			name = Controller;
			sourceTree = "<group>";
		};
		A2D3C1F41A96E67C006B3707 /* View */ = {
			isa = PBXGroup;
			children = (
				A2783C901A9451910052E305 /* Main.storyboard */,
			);
			name = View;
			sourceTree = "<group>";
		};
/* End PBXGroup section */

/* Begin PBXNativeTarget section */
		A2783C861A9451910052E305 /* ClassRoster */ = {
			isa = PBXNativeTarget;
			buildConfigurationList = A2783CA61A9451910052E305 /* Build configuration list for PBXNativeTarget "ClassRoster" */;
			buildPhases = (
				A2783C831A9451910052E305 /* Sources */,
				A2783C841A9451910052E305 /* Frameworks */,
				A2783C851A9451910052E305 /* Resources */,
			);
			buildRules = (
			);
			dependencies = (
			);
			name = ClassRoster;
			productName = ClassRoster;
			productReference = A2783C871A9451910052E305 /* ClassRoster.app */;
			productType = "com.apple.product-type.application";
		};
		A2783C9B1A9451910052E305 /* ClassRosterTests */ = {
			isa = PBXNativeTarget;
			buildConfigurationList = A2783CA91A9451910052E305 /* Build configuration list for PBXNativeTarget "ClassRosterTests" */;
			buildPhases = (
				A2783C981A9451910052E305 /* Sources */,
				A2783C991A9451910052E305 /* Frameworks */,
				A2783C9A1A9451910052E305 /* Resources */,
			);
			buildRules = (
			);
			dependencies = (
				A2783C9E1A9451910052E305 /* PBXTargetDependency */,
			);
			name = ClassRosterTests;
			productName = ClassRosterTests;
			productReference = A2783C9C1A9451910052E305 /* ClassRosterTests.xctest */;
			productType = "com.apple.product-type.bundle.unit-test";
		};
/* End PBXNativeTarget section */

/* Begin PBXProject section */
		A2783C7F1A9451910052E305 /* Project object */ = {
			isa = PBXProject;
			attributes = {
				LastUpgradeCheck = 0610;
				ORGANIZATIONNAME = BPJ;
				TargetAttributes = {
					A2783C861A9451910052E305 = {
						CreatedOnToolsVersion = 6.1.1;
					};
					A2783C9B1A9451910052E305 = {
						CreatedOnToolsVersion = 6.1.1;
						TestTargetID = A2783C861A9451910052E305;
					};
				};
			};
			buildConfigurationList = A2783C821A9451910052E305 /* Build configuration list for PBXProject "ClassRoster" */;
			compatibilityVersion = "Xcode 3.2";
			developmentRegion = English;
			hasScannedForEncodings = 0;
			knownRegions = (
				en,
				Base,
			);
			mainGroup = A2783C7E1A9451910052E305;
			productRefGroup = A2783C881A9451910052E305 /* Products */;
			projectDirPath = "";
			projectRoot = "";
			targets = (
				A2783C861A9451910052E305 /* ClassRoster */,
				A2783C9B1A9451910052E305 /* ClassRosterTests */,
			);
		};
/* End PBXProject section */

/* Begin PBXResourcesBuildPhase section */
		A2783C851A9451910052E305 /* Resources */ = {
			isa = PBXResourcesBuildPhase;
			buildActionMask = 2147483647;
			files = (
				A2783C921A9451910052E305 /* Main.storyboard in Resources */,
				A2783C971A9451910052E305 /* LaunchScreen.xib in Resources */,
				A2783C941A9451910052E305 /* Images.xcassets in Resources */,
			);
			runOnlyForDeploymentPostprocessing = 0;
		};
		A2783C9A1A9451910052E305 /* Resources */ = {
			isa = PBXResourcesBuildPhase;
			buildActionMask = 2147483647;
			files = (
			);
			runOnlyForDeploymentPostprocessing = 0;
		};
/* End PBXResourcesBuildPhase section */

/* Begin PBXSourcesBuildPhase section */
		A2783C831A9451910052E305 /* Sources */ = {
			isa = PBXSourcesBuildPhase;
			buildActionMask = 2147483647;
			files = (
				A2D3C1F11A96DC96006B3707 /* Person.swift in Sources */,
				A2783C8F1A9451910052E305 /* ViewController.swift in Sources */,
				A2783C8D1A9451910052E305 /* AppDelegate.swift in Sources */,
			);
			runOnlyForDeploymentPostprocessing = 0;
		};
		A2783C981A9451910052E305 /* Sources */ = {
			isa = PBXSourcesBuildPhase;
			buildActionMask = 2147483647;
			files = (
				A2783CA31A9451910052E305 /* ClassRosterTests.swift in Sources */,
			);
			runOnlyForDeploymentPostprocessing = 0;
		};
/* End PBXSourcesBuildPhase section */

/* Begin PBXTargetDependency section */
		A2783C9E1A9451910052E305 /* PBXTargetDependency */ = {
			isa = PBXTargetDependency;
			target = A2783C861A9451910052E305 /* ClassRoster */;
			targetProxy = A2783C9D1A9451910052E305 /* PBXContainerItemProxy */;
		};
/* End PBXTargetDependency section */

/* Begin PBXVariantGroup section */
		A2783C901A9451910052E305 /* Main.storyboard */ = {
			isa = PBXVariantGroup;
			children = (
				A2783C911A9451910052E305 /* Base */,
			);
			name = Main.storyboard;
			sourceTree = "<group>";
		};
		A2783C951A9451910052E305 /* LaunchScreen.xib */ = {
			isa = PBXVariantGroup;
			children = (
				A2783C961A9451910052E305 /* Base */,
			);
			name = LaunchScreen.xib;
			sourceTree = "<group>";
		};
/* End PBXVariantGroup section */

/* Begin XCBuildConfiguration section */
		A2783CA41A9451910052E305 /* Debug */ = {
			isa = XCBuildConfiguration;
			buildSettings = {
				ALWAYS_SEARCH_USER_PATHS = NO;
				CLANG_CXX_LANGUAGE_STANDARD = "gnu++0x";
				CLANG_CXX_LIBRARY = "libc++";
				CLANG_ENABLE_MODULES = YES;
				CLANG_ENABLE_OBJC_ARC = YES;
				CLANG_WARN_BOOL_CONVERSION = YES;
				CLANG_WARN_CONSTANT_CONVERSION = YES;
				CLANG_WARN_DIRECT_OBJC_ISA_USAGE = YES_ERROR;
				CLANG_WARN_EMPTY_BODY = YES;
				CLANG_WARN_ENUM_CONVERSION = YES;
				CLANG_WARN_INT_CONVERSION = YES;
				CLANG_WARN_OBJC_ROOT_CLASS = YES_ERROR;
				CLANG_WARN_UNREACHABLE_CODE = YES;
				CLANG_WARN__DUPLICATE_METHOD_MATCH = YES;
				"CODE_SIGN_IDENTITY[sdk=iphoneos*]" = "iPhone Developer";
				COPY_PHASE_STRIP = NO;
				ENABLE_STRICT_OBJC_MSGSEND = YES;
				GCC_C_LANGUAGE_STANDARD = gnu99;
				GCC_DYNAMIC_NO_PIC = NO;
				GCC_OPTIMIZATION_LEVEL = 0;
				GCC_PREPROCESSOR_DEFINITIONS = (
					"DEBUG=1",
					"$(inherited)",
				);
				GCC_SYMBOLS_PRIVATE_EXTERN = NO;
				GCC_WARN_64_TO_32_BIT_CONVERSION = YES;
				GCC_WARN_ABOUT_RETURN_TYPE = YES_ERROR;
				GCC_WARN_UNDECLARED_SELECTOR = YES;
				GCC_WARN_UNINITIALIZED_AUTOS = YES_AGGRESSIVE;
				GCC_WARN_UNUSED_FUNCTION = YES;
				GCC_WARN_UNUSED_VARIABLE = YES;
				IPHONEOS_DEPLOYMENT_TARGET = 8.1;
				MTL_ENABLE_DEBUG_INFO = YES;
				ONLY_ACTIVE_ARCH = YES;
				SDKROOT = iphoneos;
				SWIFT_OPTIMIZATION_LEVEL = "-Onone";
			};
			name = Debug;
		};
		A2783CA51A9451910052E305 /* Release */ = {
			isa = XCBuildConfiguration;
			buildSettings = {
				ALWAYS_SEARCH_USER_PATHS = NO;
				CLANG_CXX_LANGUAGE_STANDARD = "gnu++0x";
				CLANG_CXX_LIBRARY = "libc++";
				CLANG_ENABLE_MODULES = YES;
				CLANG_ENABLE_OBJC_ARC = YES;
				CLANG_WARN_BOOL_CONVERSION = YES;
				CLANG_WARN_CONSTANT_CONVERSION = YES;
				CLANG_WARN_DIRECT_OBJC_ISA_USAGE = YES_ERROR;
				CLANG_WARN_EMPTY_BODY = YES;
				CLANG_WARN_ENUM_CONVERSION = YES;
				CLANG_WARN_INT_CONVERSION = YES;
				CLANG_WARN_OBJC_ROOT_CLASS = YES_ERROR;
				CLANG_WARN_UNREACHABLE_CODE = YES;
				CLANG_WARN__DUPLICATE_METHOD_MATCH = YES;
				"CODE_SIGN_IDENTITY[sdk=iphoneos*]" = "iPhone Developer";
				COPY_PHASE_STRIP = YES;
				ENABLE_NS_ASSERTIONS = NO;
				ENABLE_STRICT_OBJC_MSGSEND = YES;
				GCC_C_LANGUAGE_STANDARD = gnu99;
				GCC_WARN_64_TO_32_BIT_CONVERSION = YES;
				GCC_WARN_ABOUT_RETURN_TYPE = YES_ERROR;
				GCC_WARN_UNDECLARED_SELECTOR = YES;
				GCC_WARN_UNINITIALIZED_AUTOS = YES_AGGRESSIVE;
				GCC_WARN_UNUSED_FUNCTION = YES;
				GCC_WARN_UNUSED_VARIABLE = YES;
				IPHONEOS_DEPLOYMENT_TARGET = 8.1;
				MTL_ENABLE_DEBUG_INFO = NO;
				SDKROOT = iphoneos;
				VALIDATE_PRODUCT = YES;
			};
			name = Release;
		};
		A2783CA71A9451910052E305 /* Debug */ = {
			isa = XCBuildConfiguration;
			buildSettings = {
				ASSETCATALOG_COMPILER_APPICON_NAME = AppIcon;
				INFOPLIST_FILE = ClassRoster/Info.plist;
				LD_RUNPATH_SEARCH_PATHS = "$(inherited) @executable_path/Frameworks";
				PRODUCT_NAME = "$(TARGET_NAME)";
			};
			name = Debug;
		};
		A2783CA81A9451910052E305 /* Release */ = {
			isa = XCBuildConfiguration;
			buildSettings = {
				ASSETCATALOG_COMPILER_APPICON_NAME = AppIcon;
				INFOPLIST_FILE = ClassRoster/Info.plist;
				LD_RUNPATH_SEARCH_PATHS = "$(inherited) @executable_path/Frameworks";
				PRODUCT_NAME = "$(TARGET_NAME)";
			};
			name = Release;
		};
		A2783CAA1A9451910052E305 /* Debug */ = {
			isa = XCBuildConfiguration;
			buildSettings = {
				BUNDLE_LOADER = "$(TEST_HOST)";
				FRAMEWORK_SEARCH_PATHS = (
					"$(SDKROOT)/Developer/Library/Frameworks",
					"$(inherited)",
				);
				GCC_PREPROCESSOR_DEFINITIONS = (
					"DEBUG=1",
					"$(inherited)",
				);
				INFOPLIST_FILE = ClassRosterTests/Info.plist;
				LD_RUNPATH_SEARCH_PATHS = "$(inherited) @executable_path/Frameworks @loader_path/Frameworks";
				PRODUCT_NAME = "$(TARGET_NAME)";
				TEST_HOST = "$(BUILT_PRODUCTS_DIR)/ClassRoster.app/ClassRoster";
			};
			name = Debug;
		};
		A2783CAB1A9451910052E305 /* Release */ = {
			isa = XCBuildConfiguration;
			buildSettings = {
				BUNDLE_LOADER = "$(TEST_HOST)";
				FRAMEWORK_SEARCH_PATHS = (
					"$(SDKROOT)/Developer/Library/Frameworks",
					"$(inherited)",
				);
				INFOPLIST_FILE = ClassRosterTests/Info.plist;
				LD_RUNPATH_SEARCH_PATHS = "$(inherited) @executable_path/Frameworks @loader_path/Frameworks";
				PRODUCT_NAME = "$(TARGET_NAME)";
				TEST_HOST = "$(BUILT_PRODUCTS_DIR)/ClassRoster.app/ClassRoster";
			};
			name = Release;
		};
/* End XCBuildConfiguration section */

/* Begin XCConfigurationList section */
		A2783C821A9451910052E305 /* Build configuration list for PBXProject "ClassRoster" */ = {
			isa = XCConfigurationList;
			buildConfigurations = (
				A2783CA41A9451910052E305 /* Debug */,
				A2783CA51A9451910052E305 /* Release */,
			);
			defaultConfigurationIsVisible = 0;
			defaultConfigurationName = Release;
		};
		A2783CA61A9451910052E305 /* Build configuration list for PBXNativeTarget "ClassRoster" */ = {
			isa = XCConfigurationList;
			buildConfigurations = (
				A2783CA71A9451910052E305 /* Debug */,
				A2783CA81A9451910052E305 /* Release */,
			);
			defaultConfigurationIsVisible = 0;
			defaultConfigurationName = Release;
		};
		A2783CA91A9451910052E305 /* Build configuration list for PBXNativeTarget "ClassRosterTests" */ = {
			isa = XCConfigurationList;
			buildConfigurations = (
				A2783CAA1A9451910052E305 /* Debug */,
				A2783CAB1A9451910052E305 /* Release */,
			);
			defaultConfigurationIsVisible = 0;
			defaultConfigurationName = Release;
		};
/* End XCConfigurationList section */
	};
	rootObject = A2783C7F1A9451910052E305 /* Project object */;
}
